{
  "originHash" : "fd51de878a9f626914ae26cf91ed813f4b65fc8c3ad6c844b1ab07d1ccb306a0",
  "pins" : [
    {
      "identity" : "metacodable",
      "kind" : "remoteSourceControl",
      "location" : "https://github.com/SwiftyLab/MetaCodable.git",
      "state" : {
        "revision" : "3d4bfeb949c0f31ef80fdc3af8f77c5b35ecaea4",
        "version" : "1.6.1"
      }
    },
    {
      "identity" : "swift-argument-parser",
      "kind" : "remoteSourceControl",
      "location" : "https://github.com/apple/swift-argument-parser.git",
      "state" : {
        "revision" : "6a52f3251125d74daf04fcbd5e6f08a75d074382",
        "version" : "1.8.2"
      }
    },
    {
      "identity" : "swift-collections",
      "kind" : "remoteSourceControl",
      "location" : "https://github.com/apple/swift-collections.git",
      "state" : {
        "revision" : "a0cb0954ecb21e4e31b0070e6ed5674e8556685a",
        "version" : "1.6.0"
      }
    },
    {
      "identity" : "swift-syntax",
      "kind" : "remoteSourceControl",
      "location" : "https://github.com/swiftlang/swift-syntax.git",
      "state" : {
        "revision" : "79e4b74a295b6eb74a8b585e3a39d29e70c1dbd1",
        "version" : "603.0.2"
      }
    },
    {
      "identity" : "webrtc-xcframework",
      "kind" : "remoteSourceControl",
      "location" : "https://github.com/livekit/webrtc-xcframework.git",
      "state" : {
        "branch" : "main",
        "revision" : "883f7f39f0733be564eb033d7fa6ce10960f7b7e"
      }
    }
  ],
  "version" : 3
}
